
Microsoft Visual Studio Solution File, Format Version 12.00
# Visual Studio Version 17
VisualStudioVersion = 17.7.34031.279
MinimumVisualStudioVersion = 10.0.40219.1
Project("{2150E333-8FDC-42A3-9474-1A3956D46DE8}") = "Core", "Core", "{E51BE2D3-E2AD-4FE7-8E3B-654538EC6E6C}"
EndProject
Project("{9A19103F-16F7-4668-BE54-9A1E7A4F7556}") = "ECommerceAPI.Domain", "Core\ECommerceAPI.Domain\ECommerceAPI.Domain.csproj", "{360BACCB-E120-46A4-9BDD-B826CFAF92EB}"
EndProject
Project("{9A19103F-16F7-4668-BE54-9A1E7A4F7556}") = "ECommerceAPI.Application", "Core\ECommerceAPI.Application\ECommerceAPI.Application.csproj", "{69E3F71E-444B-4659-B0F4-7FA76C500F96}"
EndProject
Project("{2150E333-8FDC-42A3-9474-1A3956D46DE8}") = "Infrastructure", "Infrastructure", "{AEE508C0-EC2D-4A79-AEDC-BAAC7F33CBB1}"
EndProject
Project("{9A19103F-16F7-4668-BE54-9A1E7A4F7556}") = "ECommerceAPI.Infrastructure", "Infrastructure\ECommerceAPI.Infrastructure\ECommerceAPI.Infrastructure.csproj", "{BD4AAAD3-9029-4301-804D-9DBB7389922B}"
EndProject
Project("{9A19103F-16F7-4668-BE54-9A1E7A4F7556}") = "ECommerceAPI.Persistence", "Infrastructure\ECommerceAPI.Persistence\ECommerceAPI.Persistence.csproj", "{56411F1D-6668-458B-AB0B-91B5944246B0}"
EndProject
Project("{2150E333-8FDC-42A3-9474-1A3956D46DE8}") = "Presentation", "Presentation", "{9617CD7A-72F5-4FD6-8943-AB7DAC073520}"
EndProject
Project("{9A19103F-16F7-4668-BE54-9A1E7A4F7556}") = "ECommerceAPI.API", "Presentation\ECommerceAPI.API\ECommerceAPI.API.csproj", "{85EF4D4B-36C2-434E-8436-9B82A00D31EF}"
EndProject
Project("{2150E333-8FDC-42A3-9474-1A3956D46DE8}") = "Solution Items", "Solution Items", "{34787272-6B6F-41FD-83F7-6883490753BE}"
	ProjectSection(SolutionItems) = preProject
		.editorconfig = .editorconfig
	EndProjectSection
EndProject
Project("{FAE04EC0-301F-11D3-BF4B-00C04F79EFBC}") = "ECommerceApi.SignalR", "Infrastructure\ECommerceApi.SignalR\ECommerceApi.SignalR.csproj", "{2525E961-83A1-475F-BF77-6BC15D4A1E3D}"
EndProject
Global
	GlobalSection(SolutionConfigurationPlatforms) = preSolution
		Debug|Any CPU = Debug|Any CPU
		Release|Any CPU = Release|Any CPU
	EndGlobalSection
	GlobalSection(ProjectConfigurationPlatforms) = postSolution
		{360BACCB-E120-46A4-9BDD-B826CFAF92EB}.Debug|Any CPU.ActiveCfg = Debug|Any CPU
		{360BACCB-E120-46A4-9BDD-B826CFAF92EB}.Debug|Any CPU.Build.0 = Debug|Any CPU
		{360BACCB-E120-46A4-9BDD-B826CFAF92EB}.Release|Any CPU.ActiveCfg = Release|Any CPU
		{360BACCB-E120-46A4-9BDD-B826CFAF92EB}.Release|Any CPU.Build.0 = Release|Any CPU
		{69E3F71E-444B-4659-B0F4-7FA76C500F96}.Debug|Any CPU.ActiveCfg = Debug|Any CPU
		{69E3F71E-444B-4659-B0F4-7FA76C500F96}.Debug|Any CPU.Build.0 = Debug|Any CPU
		{69E3F71E-444B-4659-B0F4-7FA76C500F96}.Release|Any CPU.ActiveCfg = Release|Any CPU
		{69E3F71E-444B-4659-B0F4-7FA76C500F96}.Release|Any CPU.Build.0 = Release|Any CPU
		{BD4AAAD3-9029-4301-804D-9DBB7389922B}.Debug|Any CPU.ActiveCfg = Debug|Any CPU
		{BD4AAAD3-9029-4301-804D-9DBB7389922B}.Debug|Any CPU.Build.0 = Debug|Any CPU
		{BD4AAAD3-9029-4301-804D-9DBB7389922B}.Release|Any CPU.ActiveCfg = Release|Any CPU
		{BD4AAAD3-9029-4301-804D-9DBB7389922B}.Release|Any CPU.Build.0 = Release|Any CPU
		{56411F1D-6668-458B-AB0B-91B5944246B0}.Debug|Any CPU.ActiveCfg = Debug|Any CPU
		{56411F1D-6668-458B-AB0B-91B5944246B0}.Debug|Any CPU.Build.0 = Debug|Any CPU
		{56411F1D-6668-458B-AB0B-91B5944246B0}.Release|Any CPU.ActiveCfg = Release|Any CPU
		{56411F1D-6668-458B-AB0B-91B5944246B0}.Release|Any CPU.Build.0 = Release|Any CPU
		{85EF4D4B-36C2-434E-8436-9B82A00D31EF}.Debug|Any CPU.ActiveCfg = Debug|Any CPU
		{85EF4D4B-36C2-434E-8436-9B82A00D31EF}.Debug|Any CPU.Build.0 = Debug|Any CPU
		{85EF4D4B-36C2-434E-8436-9B82A00D31EF}.Release|Any CPU.ActiveCfg = Release|Any CPU
		{85EF4D4B-36C2-434E-8436-9B82A00D31EF}.Release|Any CPU.Build.0 = Release|Any CPU
		{2525E961-83A1-475F-BF77-6BC15D4A1E3D}.Debug|Any CPU.ActiveCfg = Debug|Any CPU
		{2525E961-83A1-475F-BF77-6BC15D4A1E3D}.Debug|Any CPU.Build.0 = Debug|Any CPU
		{2525E961-83A1-475F-BF77-6BC15D4A1E3D}.Release|Any CPU.ActiveCfg = Release|Any CPU
		{2525E961-83A1-475F-BF77-6BC15D4A1E3D}.Release|Any CPU.Build.0 = Release|Any CPU
	EndGlobalSection
	GlobalSection(SolutionProperties) = preSolution
		HideSolutionNode = FALSE
	EndGlobalSection
	GlobalSection(NestedProjects) = preSolution
		{360BACCB-E120-46A4-9BDD-B826CFAF92EB} = {E51BE2D3-E2AD-4FE7-8E3B-654538EC6E6C}
		{69E3F71E-444B-4659-B0F4-7FA76C500F96} = {E51BE2D3-E2AD-4FE7-8E3B-654538EC6E6C}
		{BD4AAAD3-9029-4301-804D-9DBB7389922B} = {AEE508C0-EC2D-4A79-AEDC-BAAC7F33CBB1}
		{56411F1D-6668-458B-AB0B-91B5944246B0} = {AEE508C0-EC2D-4A79-AEDC-BAAC7F33CBB1}
		{85EF4D4B-36C2-434E-8436-9B82A00D31EF} = {9617CD7A-72F5-4FD6-8943-AB7DAC073520}
		{2525E961-83A1-475F-BF77-6BC15D4A1E3D} = {AEE508C0-EC2D-4A79-AEDC-BAAC7F33CBB1}
	EndGlobalSection
	GlobalSection(ExtensibilityGlobals) = postSolution
		SolutionGuid = {11FF4170-B65B-4B35-8F00-768D6CAF4D89}
	EndGlobalSection
EndGlobal
